
Microsoft Visual Studio Solution File, Format Version 12.00
# Visual Studio Version 17
VisualStudioVersion = 17.2.32516.85
MinimumVisualStudioVersion = 10.0.40219.1
Project("{9A19103F-16F7-4668-BE54-9A1E7A4F7556}") = "EfcToXamarinAndroid.Core", "EfcToXamarinAndroid\EfcToXamarinAndroid.Core.csproj", "{E597FE7C-E43E-4604-80E1-36AF3754D4B5}"
EndProject
Project("{FAE04EC0-301F-11D3-BF4B-00C04F79EFBC}") = "MauiAppWithMudBlazor", "MauiWithMudBlazorUi\MauiAppWithMudBlazor.csproj", "{D54420EA-7742-4347-9B59-5A5EF8FC7E8F}"
EndProject
Project("{FAE04EC0-301F-11D3-BF4B-00C04F79EFBC}") = "WebDebugger", "WebDebugger\WebDebugger.csproj", "{E220A7F2-4FD4-E3FE-ACEB-AD48C11C5C80}"
EndProject
Project("{FAE04EC0-301F-11D3-BF4B-00C04F79EFBC}") = "EfcToXamarinAndroid.UI", "EfcToXamarinAndroid.UI\EfcToXamarinAndroid.UI.csproj", "{2B69EF87-986D-4000-A4DF-E9EF9E8D462F}"
EndProject
Global
	GlobalSection(SolutionConfigurationPlatforms) = preSolution
		Debug|Any CPU = Debug|Any CPU
		Debug|x64 = Debug|x64
		Debug|x86 = Debug|x86
		Release|Any CPU = Release|Any CPU
		Release|x64 = Release|x64
		Release|x86 = Release|x86
	EndGlobalSection
	GlobalSection(ProjectConfigurationPlatforms) = postSolution
		{E597FE7C-E43E-4604-80E1-36AF3754D4B5}.Debug|Any CPU.ActiveCfg = Debug|Any CPU
		{E597FE7C-E43E-4604-80E1-36AF3754D4B5}.Debug|Any CPU.Build.0 = Debug|Any CPU
		{E597FE7C-E43E-4604-80E1-36AF3754D4B5}.Debug|x64.ActiveCfg = Debug|Any CPU
		{E597FE7C-E43E-4604-80E1-36AF3754D4B5}.Debug|x64.Build.0 = Debug|Any CPU
		{E597FE7C-E43E-4604-80E1-36AF3754D4B5}.Debug|x86.ActiveCfg = Debug|Any CPU
		{E597FE7C-E43E-4604-80E1-36AF3754D4B5}.Debug|x86.Build.0 = Debug|Any CPU
		{E597FE7C-E43E-4604-80E1-36AF3754D4B5}.Release|Any CPU.ActiveCfg = Release|Any CPU
		{E597FE7C-E43E-4604-80E1-36AF3754D4B5}.Release|Any CPU.Build.0 = Release|Any CPU
		{E597FE7C-E43E-4604-80E1-36AF3754D4B5}.Release|x64.ActiveCfg = Release|Any CPU
		{E597FE7C-E43E-4604-80E1-36AF3754D4B5}.Release|x64.Build.0 = Release|Any CPU
		{E597FE7C-E43E-4604-80E1-36AF3754D4B5}.Release|x86.ActiveCfg = Release|Any CPU
		{E597FE7C-E43E-4604-80E1-36AF3754D4B5}.Release|x86.Build.0 = Release|Any CPU
		{D54420EA-7742-4347-9B59-5A5EF8FC7E8F}.Debug|Any CPU.ActiveCfg = Debug|Any CPU
		{D54420EA-7742-4347-9B59-5A5EF8FC7E8F}.Debug|Any CPU.Build.0 = Debug|Any CPU
		{D54420EA-7742-4347-9B59-5A5EF8FC7E8F}.Debug|Any CPU.Deploy.0 = Debug|Any CPU
		{D54420EA-7742-4347-9B59-5A5EF8FC7E8F}.Debug|x64.ActiveCfg = Debug|Any CPU
		{D54420EA-7742-4347-9B59-5A5EF8FC7E8F}.Debug|x64.Build.0 = Debug|Any CPU
		{D54420EA-7742-4347-9B59-5A5EF8FC7E8F}.Debug|x86.ActiveCfg = Debug|Any CPU
		{D54420EA-7742-4347-9B59-5A5EF8FC7E8F}.Debug|x86.Build.0 = Debug|Any CPU
		{D54420EA-7742-4347-9B59-5A5EF8FC7E8F}.Release|Any CPU.ActiveCfg = Release|Any CPU
		{D54420EA-7742-4347-9B59-5A5EF8FC7E8F}.Release|Any CPU.Build.0 = Release|Any CPU
		{D54420EA-7742-4347-9B59-5A5EF8FC7E8F}.Release|Any CPU.Deploy.0 = Release|Any CPU
		{D54420EA-7742-4347-9B59-5A5EF8FC7E8F}.Release|x64.ActiveCfg = Release|Any CPU
		{D54420EA-7742-4347-9B59-5A5EF8FC7E8F}.Release|x64.Build.0 = Release|Any CPU
		{D54420EA-7742-4347-9B59-5A5EF8FC7E8F}.Release|x86.ActiveCfg = Release|Any CPU
		{D54420EA-7742-4347-9B59-5A5EF8FC7E8F}.Release|x86.Build.0 = Release|Any CPU
		{E220A7F2-4FD4-E3FE-ACEB-AD48C11C5C80}.Debug|Any CPU.ActiveCfg = Debug|Any CPU
		{E220A7F2-4FD4-E3FE-ACEB-AD48C11C5C80}.Debug|Any CPU.Build.0 = Debug|Any CPU
		{E220A7F2-4FD4-E3FE-ACEB-AD48C11C5C80}.Debug|x64.ActiveCfg = Debug|Any CPU
		{E220A7F2-4FD4-E3FE-ACEB-AD48C11C5C80}.Debug|x64.Build.0 = Debug|Any CPU
		{E220A7F2-4FD4-E3FE-ACEB-AD48C11C5C80}.Debug|x86.ActiveCfg = Debug|Any CPU
		{E220A7F2-4FD4-E3FE-ACEB-AD48C11C5C80}.Debug|x86.Build.0 = Debug|Any CPU
		{E220A7F2-4FD4-E3FE-ACEB-AD48C11C5C80}.Release|Any CPU.ActiveCfg = Release|Any CPU
		{E220A7F2-4FD4-E3FE-ACEB-AD48C11C5C80}.Release|Any CPU.Build.0 = Release|Any CPU
		{E220A7F2-4FD4-E3FE-ACEB-AD48C11C5C80}.Release|x64.ActiveCfg = Release|Any CPU
		{E220A7F2-4FD4-E3FE-ACEB-AD48C11C5C80}.Release|x64.Build.0 = Release|Any CPU
		{E220A7F2-4FD4-E3FE-ACEB-AD48C11C5C80}.Release|x86.ActiveCfg = Release|Any CPU
		{E220A7F2-4FD4-E3FE-ACEB-AD48C11C5C80}.Release|x86.Build.0 = Release|Any CPU
		{2B69EF87-986D-4000-A4DF-E9EF9E8D462F}.Debug|Any CPU.ActiveCfg = Debug|Any CPU
		{2B69EF87-986D-4000-A4DF-E9EF9E8D462F}.Debug|Any CPU.Build.0 = Debug|Any CPU
		{2B69EF87-986D-4000-A4DF-E9EF9E8D462F}.Debug|x64.ActiveCfg = Debug|Any CPU
		{2B69EF87-986D-4000-A4DF-E9EF9E8D462F}.Debug|x64.Build.0 = Debug|Any CPU
		{2B69EF87-986D-4000-A4DF-E9EF9E8D462F}.Debug|x86.ActiveCfg = Debug|Any CPU
		{2B69EF87-986D-4000-A4DF-E9EF9E8D462F}.Debug|x86.Build.0 = Debug|Any CPU
		{2B69EF87-986D-4000-A4DF-E9EF9E8D462F}.Release|Any CPU.ActiveCfg = Release|Any CPU
		{2B69EF87-986D-4000-A4DF-E9EF9E8D462F}.Release|Any CPU.Build.0 = Release|Any CPU
		{2B69EF87-986D-4000-A4DF-E9EF9E8D462F}.Release|x64.ActiveCfg = Release|Any CPU
		{2B69EF87-986D-4000-A4DF-E9EF9E8D462F}.Release|x64.Build.0 = Release|Any CPU
		{2B69EF87-986D-4000-A4DF-E9EF9E8D462F}.Release|x86.ActiveCfg = Release|Any CPU
		{2B69EF87-986D-4000-A4DF-E9EF9E8D462F}.Release|x86.Build.0 = Release|Any CPU
	EndGlobalSection
	GlobalSection(SolutionProperties) = preSolution
		HideSolutionNode = FALSE
	EndGlobalSection
	GlobalSection(ExtensibilityGlobals) = postSolution
		SolutionGuid = {A5B07C30-8984-4F28-B0D3-8113C35208D9}
	EndGlobalSection
EndGlobal
